Microsoft Visual Studio Solution File, Format Version 12.00
# Visual Studio Version 17
VisualStudioVersion = 17.5.2.0
MinimumVisualStudioVersion = 10.0.40219.1
Project("{FAE04EC0-301F-11D3-BF4B-00C04F79EFBC}") = "agenda_de_compromisso", "agenda_de_compromisso.csproj", "{56430910-280B-BCDA-1AC3-9DF85DF34FDB}"
EndProject
Global
	GlobalSection(SolutionConfigurationPlatforms) = preSolution
		Debug|Any CPU = Debug|Any CPU
		Release|Any CPU = Release|Any CPU
	EndGlobalSection
	GlobalSection(ProjectConfigurationPlatforms) = postSolution
		{56430910-280B-BCDA-1AC3-9DF85DF34FDB}.Debug|Any CPU.ActiveCfg = Debug|Any CPU
		{56430910-280B-BCDA-1AC3-9DF85DF34FDB}.Debug|Any CPU.Build.0 = Debug|Any CPU
		{56430910-280B-BCDA-1AC3-9DF85DF34FDB}.Release|Any CPU.ActiveCfg = Release|Any CPU
		{56430910-280B-BCDA-1AC3-9DF85DF34FDB}.Release|Any CPU.Build.0 = Release|Any CPU
	EndGlobalSection
	GlobalSection(SolutionProperties) = preSolution
		HideSolutionNode = FALSE
	EndGlobalSection
	GlobalSection(ExtensibilityGlobals) = postSolution
		SolutionGuid = {BEC942AB-170D-4332-9510-6C4E2D62A140}
	EndGlobalSection
EndGlobal
